
Microsoft Visual Studio Solution File, Format Version 12.00
# Visual Studio 2013
VisualStudioVersion = 12.0.21005.1
MinimumVisualStudioVersion = 10.0.40219.1
Project("{FAE04EC0-301F-11D3-BF4B-00C04F79EFBC}") = "CallPlan", "CallPlan\CallPlan.csproj", "{58AE73D7-D969-47CA-8172-5EBB580C3F6C}"
EndProject
Project("{FAE04EC0-301F-11D3-BF4B-00C04F79EFBC}") = "CallPlanTests", "CallPlanTests\CallPlanTests.csproj", "{E0F52726-FF7B-4E36-B928-A5FBBE0CB325}"
EndProject
Global
	GlobalSection(SolutionConfigurationPlatforms) = preSolution
		Debug|Any CPU = Debug|Any CPU
		Release|Any CPU = Release|Any CPU
	EndGlobalSection
	GlobalSection(ProjectConfigurationPlatforms) = postSolution
		{58AE73D7-D969-47CA-8172-5EBB580C3F6C}.Debug|Any CPU.ActiveCfg = Debug|Any CPU
		{58AE73D7-D969-47CA-8172-5EBB580C3F6C}.Debug|Any CPU.Build.0 = Debug|Any CPU
		{58AE73D7-D969-47CA-8172-5EBB580C3F6C}.Release|Any CPU.ActiveCfg = Release|Any CPU
		{58AE73D7-D969-47CA-8172-5EBB580C3F6C}.Release|Any CPU.Build.0 = Release|Any CPU
		{E0F52726-FF7B-4E36-B928-A5FBBE0CB325}.Debug|Any CPU.ActiveCfg = Debug|Any CPU
		{E0F52726-FF7B-4E36-B928-A5FBBE0CB325}.Debug|Any CPU.Build.0 = Debug|Any CPU
		{E0F52726-FF7B-4E36-B928-A5FBBE0CB325}.Release|Any CPU.ActiveCfg = Release|Any CPU
		{E0F52726-FF7B-4E36-B928-A5FBBE0CB325}.Release|Any CPU.Build.0 = Release|Any CPU
	EndGlobalSection
	GlobalSection(SolutionProperties) = preSolution
		HideSolutionNode = FALSE
	EndGlobalSection
EndGlobal
